
Microsoft Visual Studio Solution File, Format Version 12.00
# Visual Studio Version 17
VisualStudioVersion = 17.1.32210.238
MinimumVisualStudioVersion = 10.0.40219.1
Project("{FAE04EC0-301F-11D3-BF4B-00C04F79EFBC}") = "Folder-Crawler", "Folder-Crawler\Folder-Crawler.csproj", "{3FDC374F-B52A-4330-A2EB-5F33FD16F919}"
EndProject
Global
	GlobalSection(SolutionConfigurationPlatforms) = preSolution
		Debug|Any CPU = Debug|Any CPU
		Release|Any CPU = Release|Any CPU
	EndGlobalSection
	GlobalSection(ProjectConfigurationPlatforms) = postSolution
		{3FDC374F-B52A-4330-A2EB-5F33FD16F919}.Debug|Any CPU.ActiveCfg = Debug|Any CPU
		{3FDC374F-B52A-4330-A2EB-5F33FD16F919}.Debug|Any CPU.Build.0 = Debug|Any CPU
		{3FDC374F-B52A-4330-A2EB-5F33FD16F919}.Release|Any CPU.ActiveCfg = Release|Any CPU
		{3FDC374F-B52A-4330-A2EB-5F33FD16F919}.Release|Any CPU.Build.0 = Release|Any CPU
	EndGlobalSection
	GlobalSection(SolutionProperties) = preSolution
		HideSolutionNode = FALSE
	EndGlobalSection
	GlobalSection(ExtensibilityGlobals) = postSolution
		SolutionGuid = {04617247-4C5E-4C6F-A296-839A81AD3FAF}
	EndGlobalSection
EndGlobal
